
Microsoft Visual Studio Solution File, Format Version 12.00
# Visual Studio 15
VisualStudioVersion = 15.0.27004.2009
MinimumVisualStudioVersion = 10.0.40219.1
Project("{9A19103F-16F7-4668-BE54-9A1E7A4F7556}") = "UtilityDelta.Gpio", "UtilityDelta.Gpio\UtilityDelta.Gpio.csproj", "{6EDE1CC5-F0AD-4000-84E4-E9F6B1BCB9A3}"
EndProject
Project("{FAE04EC0-301F-11D3-BF4B-00C04F79EFBC}") = "UtilityDelta.Gpio.Test", "UtilityDelta.Gpio.Test\UtilityDelta.Gpio.Test.csproj", "{972310B4-9674-4CE4-AAB6-F4AACA15669D}"
EndProject
Global
	GlobalSection(SolutionConfigurationPlatforms) = preSolution
		Debug|Any CPU = Debug|Any CPU
		Release|Any CPU = Release|Any CPU
	EndGlobalSection
	GlobalSection(ProjectConfigurationPlatforms) = postSolution
		{6EDE1CC5-F0AD-4000-84E4-E9F6B1BCB9A3}.Debug|Any CPU.ActiveCfg = Debug|Any CPU
		{6EDE1CC5-F0AD-4000-84E4-E9F6B1BCB9A3}.Debug|Any CPU.Build.0 = Debug|Any CPU
		{6EDE1CC5-F0AD-4000-84E4-E9F6B1BCB9A3}.Release|Any CPU.ActiveCfg = Release|Any CPU
		{6EDE1CC5-F0AD-4000-84E4-E9F6B1BCB9A3}.Release|Any CPU.Build.0 = Release|Any CPU
		{972310B4-9674-4CE4-AAB6-F4AACA15669D}.Debug|Any CPU.ActiveCfg = Debug|Any CPU
		{972310B4-9674-4CE4-AAB6-F4AACA15669D}.Debug|Any CPU.Build.0 = Debug|Any CPU
		{972310B4-9674-4CE4-AAB6-F4AACA15669D}.Release|Any CPU.ActiveCfg = Release|Any CPU
		{972310B4-9674-4CE4-AAB6-F4AACA15669D}.Release|Any CPU.Build.0 = Release|Any CPU
	EndGlobalSection
	GlobalSection(SolutionProperties) = preSolution
		HideSolutionNode = FALSE
	EndGlobalSection
	GlobalSection(ExtensibilityGlobals) = postSolution
		SolutionGuid = {98AECDB1-22B4-476B-8A42-089F714DA805}
	EndGlobalSection
EndGlobal
